
Microsoft Visual Studio Solution File, Format Version 12.00
# Visual Studio 2013
VisualStudioVersion = 12.0.40629.0
MinimumVisualStudioVersion = 10.0.40219.1
Project("{FAE04EC0-301F-11D3-BF4B-00C04F79EFBC}") = "Unit Test", "Unit Test\Unit Test.csproj", "{2BCBEE2C-40CC-4984-8526-AB517303BAE5}"
EndProject
Project("{FAE04EC0-301F-11D3-BF4B-00C04F79EFBC}") = "Market.Entities", "Market.Entities\Market.Entities.csproj", "{7ADEFC48-0E8F-4B2D-9CEC-0EF9AA728FAB}"
EndProject
Project("{FAE04EC0-301F-11D3-BF4B-00C04F79EFBC}") = "Market.Data", "Market.Data\Market.Data.csproj", "{6AFA436B-1F6A-4DEF-958C-2887EB422E1C}"
EndProject
Project("{FAE04EC0-301F-11D3-BF4B-00C04F79EFBC}") = "Market.Services", "Market.Services\Market.Services.csproj", "{FC0E4B7A-F29C-4606-8730-DE10DF30F846}"
EndProject
Project("{FAE04EC0-301F-11D3-BF4B-00C04F79EFBC}") = "Market.DependencyInjection", "Market.DependencyInjection\Market.DependencyInjection.csproj", "{D23CBDFC-C725-4CD1-BFD8-EE34B46D8C43}"
EndProject
Global
	GlobalSection(SolutionConfigurationPlatforms) = preSolution
		Debug|Any CPU = Debug|Any CPU
		Release|Any CPU = Release|Any CPU
	EndGlobalSection
	GlobalSection(ProjectConfigurationPlatforms) = postSolution
		{2BCBEE2C-40CC-4984-8526-AB517303BAE5}.Debug|Any CPU.ActiveCfg = Debug|Any CPU
		{2BCBEE2C-40CC-4984-8526-AB517303BAE5}.Debug|Any CPU.Build.0 = Debug|Any CPU
		{2BCBEE2C-40CC-4984-8526-AB517303BAE5}.Release|Any CPU.ActiveCfg = Release|Any CPU
		{2BCBEE2C-40CC-4984-8526-AB517303BAE5}.Release|Any CPU.Build.0 = Release|Any CPU
		{7ADEFC48-0E8F-4B2D-9CEC-0EF9AA728FAB}.Debug|Any CPU.ActiveCfg = Debug|Any CPU
		{7ADEFC48-0E8F-4B2D-9CEC-0EF9AA728FAB}.Debug|Any CPU.Build.0 = Debug|Any CPU
		{7ADEFC48-0E8F-4B2D-9CEC-0EF9AA728FAB}.Release|Any CPU.ActiveCfg = Release|Any CPU
		{7ADEFC48-0E8F-4B2D-9CEC-0EF9AA728FAB}.Release|Any CPU.Build.0 = Release|Any CPU
		{6AFA436B-1F6A-4DEF-958C-2887EB422E1C}.Debug|Any CPU.ActiveCfg = Debug|Any CPU
		{6AFA436B-1F6A-4DEF-958C-2887EB422E1C}.Debug|Any CPU.Build.0 = Debug|Any CPU
		{6AFA436B-1F6A-4DEF-958C-2887EB422E1C}.Release|Any CPU.ActiveCfg = Release|Any CPU
		{6AFA436B-1F6A-4DEF-958C-2887EB422E1C}.Release|Any CPU.Build.0 = Release|Any CPU
		{FC0E4B7A-F29C-4606-8730-DE10DF30F846}.Debug|Any CPU.ActiveCfg = Debug|Any CPU
		{FC0E4B7A-F29C-4606-8730-DE10DF30F846}.Debug|Any CPU.Build.0 = Debug|Any CPU
		{FC0E4B7A-F29C-4606-8730-DE10DF30F846}.Release|Any CPU.ActiveCfg = Release|Any CPU
		{FC0E4B7A-F29C-4606-8730-DE10DF30F846}.Release|Any CPU.Build.0 = Release|Any CPU
		{D23CBDFC-C725-4CD1-BFD8-EE34B46D8C43}.Debug|Any CPU.ActiveCfg = Debug|Any CPU
		{D23CBDFC-C725-4CD1-BFD8-EE34B46D8C43}.Debug|Any CPU.Build.0 = Debug|Any CPU
		{D23CBDFC-C725-4CD1-BFD8-EE34B46D8C43}.Release|Any CPU.ActiveCfg = Release|Any CPU
		{D23CBDFC-C725-4CD1-BFD8-EE34B46D8C43}.Release|Any CPU.Build.0 = Release|Any CPU
	EndGlobalSection
	GlobalSection(SolutionProperties) = preSolution
		HideSolutionNode = FALSE
	EndGlobalSection
EndGlobal
